
Microsoft Visual Studio Solution File, Format Version 11.00
# Visual Studio 2010
Project("{FAE04EC0-301F-11D3-BF4B-00C04F79EFBC}") = "HDD Temp Mon", "HDD Temp Mon\HDD Temp Mon.csproj", "{B03523B6-909E-4735-AE72-232FB3280BB5}"
EndProject
Project("{54435603-DBB4-11D2-8724-00A0C9A8B90C}") = "HDD Temp Mon Installer", "HDD Temp Mon Installer\HDD Temp Mon Installer.vdproj", "{FA9074AF-6AB0-4554-B511-207BF99A51CA}"
EndProject
Global
	GlobalSection(SolutionConfigurationPlatforms) = preSolution
		Debug|x86 = Debug|x86
		Release|x86 = Release|x86
	EndGlobalSection
	GlobalSection(ProjectConfigurationPlatforms) = postSolution
		{B03523B6-909E-4735-AE72-232FB3280BB5}.Debug|x86.ActiveCfg = Debug|x86
		{B03523B6-909E-4735-AE72-232FB3280BB5}.Debug|x86.Build.0 = Debug|x86
		{B03523B6-909E-4735-AE72-232FB3280BB5}.Release|x86.ActiveCfg = Release|x86
		{B03523B6-909E-4735-AE72-232FB3280BB5}.Release|x86.Build.0 = Release|x86
		{FA9074AF-6AB0-4554-B511-207BF99A51CA}.Debug|x86.ActiveCfg = Debug
		{FA9074AF-6AB0-4554-B511-207BF99A51CA}.Release|x86.ActiveCfg = Release
	EndGlobalSection
	GlobalSection(SolutionProperties) = preSolution
		HideSolutionNode = FALSE
	EndGlobalSection
EndGlobal
